
Microsoft Visual Studio Solution File, Format Version 12.00
Project("{FAE04EC0-301F-11D3-BF4B-00C04F79EFBC}") = "PushupApi", "PushupApi\PushupApi.csproj", "{A6BDD4B1-DFEC-419C-A8F9-0D4D55D9B0F9}"
EndProject
Project("{FAE04EC0-301F-11D3-BF4B-00C04F79EFBC}") = "Tests", "Tests\Tests.csproj", "{5FBD957E-2667-4355-BB4A-9E27CD4B012A}"
EndProject
Global
	GlobalSection(SolutionConfigurationPlatforms) = preSolution
		Debug|Any CPU = Debug|Any CPU
		Release|Any CPU = Release|Any CPU
	EndGlobalSection
	GlobalSection(ProjectConfigurationPlatforms) = postSolution
		{A6BDD4B1-DFEC-419C-A8F9-0D4D55D9B0F9}.Debug|Any CPU.ActiveCfg = Debug|Any CPU
		{A6BDD4B1-DFEC-419C-A8F9-0D4D55D9B0F9}.Debug|Any CPU.Build.0 = Debug|Any CPU
		{A6BDD4B1-DFEC-419C-A8F9-0D4D55D9B0F9}.Release|Any CPU.ActiveCfg = Release|Any CPU
		{A6BDD4B1-DFEC-419C-A8F9-0D4D55D9B0F9}.Release|Any CPU.Build.0 = Release|Any CPU
		{5FBD957E-2667-4355-BB4A-9E27CD4B012A}.Debug|Any CPU.ActiveCfg = Debug|Any CPU
		{5FBD957E-2667-4355-BB4A-9E27CD4B012A}.Debug|Any CPU.Build.0 = Debug|Any CPU
		{5FBD957E-2667-4355-BB4A-9E27CD4B012A}.Release|Any CPU.ActiveCfg = Release|Any CPU
		{5FBD957E-2667-4355-BB4A-9E27CD4B012A}.Release|Any CPU.Build.0 = Release|Any CPU
	EndGlobalSection
EndGlobal
